dependencies:
- name: carbide-rest-common
  repository: ""
  version: 0.1.0
- name: carbide-rest-cert-manager
  repository: ""
  version: 0.1.0
- name: carbide-rest-api
  repository: ""
  version: 0.1.0
- name: carbide-rest-workflow
  repository: ""
  version: 0.1.0
- name: carbide-rest-site-manager
  repository: ""
  version: 0.1.0
- name: carbide-rest-db
  repository: ""
  version: 0.1.0
digest: sha256:f59dd37d9e5c8cea15958cc622e1479eadf991355ec2a48698056d7e3d24bb14
generated: "2026-03-20T18:10:50.473406+08:00"
